// !$*UTF8*$!
{
	archiveVersion = 1;
	classes = {
	};
	objectVersion = 46;
	objects = {

/* Begin PBXBuildFile section */
		19C990AE444C291E41F98A32 /* LinkedInPerson.m in Sources */ = {isa = PBXBuildFile; fileRef = 19C991BCB5B58D55A65B1B5C /* LinkedInPerson.m */; };
		19C990D0C59A33C836162AE1 /* LinkedInService.m in Sources */ = {isa = PBXBuildFile; fileRef = 19C995E4D394C469C6CA3EB1 /* LinkedInService.m */; };
		19C991055782908F029BADB1 /* AFPropertyListRequestOperation.m in Sources */ = {isa = PBXBuildFile; fileRef = 19C99F0CAE78B3D4366C9D3E /* AFPropertyListRequestOperation.m */; };
		19C9914FE219BDE748E28EF6 /* UIImageView+AFNetworking.m in Sources */ = {isa = PBXBuildFile; fileRef = 19C99EA5CE40D0C56F3EA056 /* UIImageView+AFNetworking.m */; };
		19C9922E026C979F700E59B6 /* AFImageRequestOperation.m in Sources */ = {isa = PBXBuildFile; fileRef = 19C99EA1EB126F4FEB2A9048 /* AFImageRequestOperation.m */; };
		19C992B202DA15AC594A986C /* AFHTTPClient.m in Sources */ = {isa = PBXBuildFile; fileRef = 19C9953A2BB2C23A50350D7F /* AFHTTPClient.m */; };
		19C9933E52B9C935FF9BC759 /* AFNetworkActivityIndicatorManager.m in Sources */ = {isa = PBXBuildFile; fileRef = 19C9974A32C1EDF029F15611 /* AFNetworkActivityIndicatorManager.m */; };
		19C994E09612FFC0A00D14A6 /* AFJSONRequestOperation.m in Sources */ = {isa = PBXBuildFile; fileRef = 19C99527BD5DDA9058DD150B /* AFJSONRequestOperation.m */; };
		19C995656DC8B66447320107 /* AFURLConnectionOperation.m in Sources */ = {isa = PBXBuildFile; fileRef = 19C99A9D12B9BB229D5579B6 /* AFURLConnectionOperation.m */; };
		19C99617A3964D0DBBC1C293 /* AFXMLRequestOperation.m in Sources */ = {isa = PBXBuildFile; fileRef = 19C9943C0E8D9442DE5D01B4 /* AFXMLRequestOperation.m */; };
		19C997DA40ED9C3189210F14 /* .gitignore in Resources */ = {isa = PBXBuildFile; fileRef = 19C99EECBF9ED3C17E056A51 /* .gitignore */; };
		19C999F8422D71978B542FE6 /* LinkedInAuthenticationViewController.m in Sources */ = {isa = PBXBuildFile; fileRef = 19C990C55DB45DF4F0E16FDB /* LinkedInAuthenticationViewController.m */; };
		19C99C12327FDFD0D495F0A7 /* AFHTTPRequestOperation.m in Sources */ = {isa = PBXBuildFile; fileRef = 19C995626047BCAA267C1BDC /* AFHTTPRequestOperation.m */; };
		308A6226DD4AEA4B0CA5BF2A /* CardView.m in Sources */ = {isa = PBXBuildFile; fileRef = 308A62EAE2E8725534566342 /* CardView.m */; };
		308A642CD56E0F558CB6F1F2 /* Card.m in Sources */ = {isa = PBXBuildFile; fileRef = 308A6DB23408A8A40106A431 /* Card.m */; };
		308A64F415BAB3B1D2996DC2 /* Game.m in Sources */ = {isa = PBXBuildFile; fileRef = 308A6E73B35803B96390E818 /* Game.m */; };
		308A65123DCF4EBF9ADDBA7D /* BoardVC.m in Sources */ = {isa = PBXBuildFile; fileRef = 308A68B342F59E71BB7E286A /* BoardVC.m */; };
		308A6BB7BF809AD64819A7FD /* NSArray+Functional.m in Sources */ = {isa = PBXBuildFile; fileRef = 308A6E3FD5DA94B29834DF50 /* NSArray+Functional.m */; };
		308A6BCC7D85C842D79BA09D /* BoardVC.m in Sources */ = {isa = PBXBuildFile; fileRef = 308A68B342F59E71BB7E286A /* BoardVC.m */; };
		308A6D2C98289E9A9BCC39D0 /* CardService.m in Sources */ = {isa = PBXBuildFile; fileRef = 308A64D9205A7F1E37F21E25 /* CardService.m */; };
		308A6D6397C86E0243B4B510 /* Game.m in Sources */ = {isa = PBXBuildFile; fileRef = 308A6E73B35803B96390E818 /* Game.m */; };
		AE1AB3671720181F00851433 /* libReactiveCocoa-iOS.a in Frameworks */ = {isa = PBXBuildFile; fileRef = 308A65586E09FB7BAB116719 /* libReactiveCocoa-iOS.a */; };
		AE1AB37817201A6A00851433 /* Default-568h@2x.png in Resources */ = {isa = PBXBuildFile; fileRef = AE1AB37717201A6A00851433 /* Default-568h@2x.png */; };
		AE60B40515B61F4200CA6669 /* AVFoundation.framework in Frameworks */ = {isa = PBXBuildFile; fileRef = AE60B40415B61F4200CA6669 /* AVFoundation.framework */; };
		AE75FA3915B1AE95000F2706 /* Peer.m in Sources */ = {isa = PBXBuildFile; fileRef = AE75FA3815B1AE95000F2706 /* Peer.m */; };
		AE76739415AF04890045843E /* UIKit.framework in Frameworks */ = {isa = PBXBuildFile; fileRef = AE76739315AF04890045843E /* UIKit.framework */; };
		AE76739615AF04890045843E /* Foundation.framework in Frameworks */ = {isa = PBXBuildFile; fileRef = AE76739515AF04890045843E /* Foundation.framework */; };
		AE76739815AF04890045843E /* CoreGraphics.framework in Frameworks */ = {isa = PBXBuildFile; fileRef = AE76739715AF04890045843E /* CoreGraphics.framework */; };
		AE76739E15AF04890045843E /* InfoPlist.strings in Resources */ = {isa = PBXBuildFile; fileRef = AE76739C15AF04890045843E /* InfoPlist.strings */; };
		AE7673A015AF04890045843E /* main.m in Sources */ = {isa = PBXBuildFile; fileRef = AE76739F15AF04890045843E /* main.m */; };
		AE7673A415AF04890045843E /* AppDelegate.m in Sources */ = {isa = PBXBuildFile; fileRef = AE7673A315AF04890045843E /* AppDelegate.m */; };
		AE7673A715AF04890045843E /* ConnectVC.m in Sources */ = {isa = PBXBuildFile; fileRef = AE7673A615AF04890045843E /* ConnectVC.m */; };
		AE7673AA15AF04890045843E /* ViewController.xib in Resources */ = {isa = PBXBuildFile; fileRef = AE7673A815AF04890045843E /* ViewController.xib */; };
		AE7673B215AF048A0045843E /* SenTestingKit.framework in Frameworks */ = {isa = PBXBuildFile; fileRef = AE7673B115AF048A0045843E /* SenTestingKit.framework */; };
		AE7673B315AF048A0045843E /* UIKit.framework in Frameworks */ = {isa = PBXBuildFile; fileRef = AE76739315AF04890045843E /* UIKit.framework */; };
		AE7673B415AF048A0045843E /* Foundation.framework in Frameworks */ = {isa = PBXBuildFile; fileRef = AE76739515AF04890045843E /* Foundation.framework */; };
		AE7673BC15AF048A0045843E /* InfoPlist.strings in Resources */ = {isa = PBXBuildFile; fileRef = AE7673BA15AF048A0045843E /* InfoPlist.strings */; };
		AE7673BF15AF048A0045843E /* GameCenterTestTests.m in Sources */ = {isa = PBXBuildFile; fileRef = AE7673BE15AF048A0045843E /* GameCenterTestTests.m */; };
		AE7673C915AF04AC0045843E /* GameKit.framework in Frameworks */ = {isa = PBXBuildFile; fileRef = AE7673C815AF04AC0045843E /* GameKit.framework */; };
/* End PBXBuildFile section */

/* Begin PBXContainerItemProxy section */
		308A61F52E8539A794BF4D0F /* PBXContainerItemProxy */ = {
			isa = PBXContainerItemProxy;
			containerPortal = 308A612512DA601475774A46 /* ReactiveCocoa.xcodeproj */;
			proxyType = 2;
			remoteGlobalIDString = 308A6483A2D2595A350B63A8;
			remoteInfo = "ReactiveCocoa-iOS";
		};
		308A6202F7873A7F7C06AF67 /* PBXContainerItemProxy */ = {
			isa = PBXContainerItemProxy;
			containerPortal = 308A612512DA601475774A46 /* ReactiveCocoa.xcodeproj */;
			proxyType = 2;
			remoteGlobalIDString = 308A68B4B12A855DA7EA3794;
			remoteInfo = ReactiveCocoa;
		};
		308A6456A937D5BDCC80C9B7 /* PBXContainerItemProxy */ = {
			isa = PBXContainerItemProxy;
			containerPortal = 308A612512DA601475774A46 /* ReactiveCocoa.xcodeproj */;
			proxyType = 2;
			remoteGlobalIDString = 308A67C0F03D846BDFAF456B;
			remoteInfo = ReactiveCocoaTests;
		};
		AE1AB368172018CE00851433 /* PBXContainerItemProxy */ = {
			isa = PBXContainerItemProxy;
			containerPortal = 308A612512DA601475774A46 /* ReactiveCocoa.xcodeproj */;
			proxyType = 1;
			remoteGlobalIDString = 88F440AA153DAC820097B4C3;
			remoteInfo = "ReactiveCocoa-iOS";
		};
		AE7673B515AF048A0045843E /* PBXContainerItemProxy */ = {
			isa = PBXContainerItemProxy;
			containerPortal = AE76738615AF04890045843E /* Project object */;
			proxyType = 1;
			remoteGlobalIDString = AE76738E15AF04890045843E;
			remoteInfo = GameCenterTest;
		};
/* End PBXContainerItemProxy section */

/* Begin PBXFileReference section */
		19C9900E85DEE153A9A66616 /* LinkedInAuthenticationViewController.h */ = {isa = PBXFileReference; fileEncoding = 4; lastKnownFileType = sourcecode.c.h; path = LinkedInAuthenticationViewController.h; sourceTree = "<group>"; };
		19C990C55DB45DF4F0E16FDB /* LinkedInAuthenticationViewController.m */ = {isa = PBXFileReference; fileEncoding = 4; lastKnownFileType = sourcecode.c.objc; path = LinkedInAuthenticationViewController.m; sourceTree = "<group>"; };
		19C99152E46BBAECF23CC437 /* LinkedInService.h */ = {isa = PBXFileReference; fileEncoding = 4; lastKnownFileType = sourcecode.c.h; path = LinkedInService.h; sourceTree = "<group>"; };
		19C991BCB5B58D55A65B1B5C /* LinkedInPerson.m */ = {isa = PBXFileReference; fileEncoding = 4; lastKnownFileType = sourcecode.c.objc; path = LinkedInPerson.m; sourceTree = "<group>"; };
		19C9925050604A4357527460 /* AFImageRequestOperation.h */ = {isa = PBXFileReference; fileEncoding = 4; lastKnownFileType = sourcecode.c.h; name = AFImageRequestOperation.h; path = AFNetworking/AFNetworking/AFImageRequestOperation.h; sourceTree = "<group>"; };
		19C9930D21274148EC99E8AB /* AFJSONRequestOperation.h */ = {isa = PBXFileReference; fileEncoding = 4; lastKnownFileType = sourcecode.c.h; name = AFJSONRequestOperation.h; path = AFNetworking/AFNetworking/AFJSONRequestOperation.h; sourceTree = "<group>"; };
		19C99356AC308479195CF4B1 /* LinkedInCredentails.h */ = {isa = PBXFileReference; fileEncoding = 4; lastKnownFileType = sourcecode.c.h; path = LinkedInCredentails.h; sourceTree = "<group>"; };
		19C9943C0E8D9442DE5D01B4 /* AFXMLRequestOperation.m */ = {isa = PBXFileReference; fileEncoding = 4; lastKnownFileType = sourcecode.c.objc; name = AFXMLRequestOperation.m; path = AFNetworking/AFNetworking/AFXMLRequestOperation.m; sourceTree = "<group>"; };
		19C994AF5C57A65581B545DB /* AFXMLRequestOperation.h */ = {isa = PBXFileReference; fileEncoding = 4; lastKnownFileType = sourcecode.c.h; name = AFXMLRequestOperation.h; path = AFNetworking/AFNetworking/AFXMLRequestOperation.h; sourceTree = "<group>"; };
		19C99527BD5DDA9058DD150B /* AFJSONRequestOperation.m */ = {isa = PBXFileReference; fileEncoding = 4; lastKnownFileType = sourcecode.c.objc; name = AFJSONRequestOperation.m; path = AFNetworking/AFNetworking/AFJSONRequestOperation.m; sourceTree = "<group>"; };
		19C9953A2BB2C23A50350D7F /* AFHTTPClient.m */ = {isa = PBXFileReference; fileEncoding = 4; lastKnownFileType = sourcecode.c.objc; name = AFHTTPClient.m; path = AFNetworking/AFNetworking/AFHTTPClient.m; sourceTree = "<group>"; };
		19C9953F668CED3DEF7197CB /* AFNetworking.h */ = {isa = PBXFileReference; fileEncoding = 4; lastKnownFileType = sourcecode.c.h; name = AFNetworking.h; path = AFNetworking/AFNetworking/AFNetworking.h; sourceTree = "<group>"; };
		19C995626047BCAA267C1BDC /* AFHTTPRequestOperation.m */ = {isa = PBXFileReference; fileEncoding = 4; lastKnownFileType = sourcecode.c.objc; name = AFHTTPRequestOperation.m; path = AFNetworking/AFNetworking/AFHTTPRequestOperation.m; sourceTree = "<group>"; };
		19C995E4D394C469C6CA3EB1 /* LinkedInService.m */ = {isa = PBXFileReference; fileEncoding = 4; lastKnownFileType = sourcecode.c.objc; path = LinkedInService.m; sourceTree = "<group>"; };
		19C9974A32C1EDF029F15611 /* AFNetworkActivityIndicatorManager.m */ = {isa = PBXFileReference; fileEncoding = 4; lastKnownFileType = sourcecode.c.objc; name = AFNetworkActivityIndicatorManager.m; path = AFNetworking/AFNetworking/AFNetworkActivityIndicatorManager.m; sourceTree = "<group>"; };
		19C99972A3445A1D2A5D8C52 /* AFHTTPRequestOperation.h */ = {isa = PBXFileReference; fileEncoding = 4; lastKnownFileType = sourcecode.c.h; name = AFHTTPRequestOperation.h; path = AFNetworking/AFNetworking/AFHTTPRequestOperation.h; sourceTree = "<group>"; };
		19C999D9F7CC52E8E9B8359B /* AFHTTPClient.h */ = {isa = PBXFileReference; fileEncoding = 4; lastKnownFileType = sourcecode.c.h; name = AFHTTPClient.h; path = AFNetworking/AFNetworking/AFHTTPClient.h; sourceTree = "<group>"; };
		19C99A4F685C7B5E90E6A439 /* AFURLConnectionOperation.h */ = {isa = PBXFileReference; fileEncoding = 4; lastKnownFileType = sourcecode.c.h; name = AFURLConnectionOperation.h; path = AFNetworking/AFNetworking/AFURLConnectionOperation.h; sourceTree = "<group>"; };
		19C99A9D12B9BB229D5579B6 /* AFURLConnectionOperation.m */ = {isa = PBXFileReference; fileEncoding = 4; lastKnownFileType = sourcecode.c.objc; name = AFURLConnectionOperation.m; path = AFNetworking/AFNetworking/AFURLConnectionOperation.m; sourceTree = "<group>"; };
		19C99E850E0B925283F421A3 /* AFPropertyListRequestOperation.h */ = {isa = PBXFileReference; fileEncoding = 4; lastKnownFileType = sourcecode.c.h; name = AFPropertyListRequestOperation.h; path = AFNetworking/AFNetworking/AFPropertyListRequestOperation.h; sourceTree = "<group>"; };
		19C99EA1EB126F4FEB2A9048 /* AFImageRequestOperation.m */ = {isa = PBXFileReference; fileEncoding = 4; lastKnownFileType = sourcecode.c.objc; name = AFImageRequestOperation.m; path = AFNetworking/AFNetworking/AFImageRequestOperation.m; sourceTree = "<group>"; };
		19C99EA5CE40D0C56F3EA056 /* UIImageView+AFNetworking.m */ = {isa = PBXFileReference; fileEncoding = 4; lastKnownFileType = sourcecode.c.objc; name = "UIImageView+AFNetworking.m"; path = "AFNetworking/AFNetworking/UIImageView+AFNetworking.m"; sourceTree = "<group>"; };
		19C99EECBF9ED3C17E056A51 /* .gitignore */ = {isa = PBXFileReference; lastKnownFileType = file.gitignore; path = .gitignore; sourceTree = "<group>"; };
		19C99F0CAE78B3D4366C9D3E /* AFPropertyListRequestOperation.m */ = {isa = PBXFileReference; fileEncoding = 4; lastKnownFileType = sourcecode.c.objc; name = AFPropertyListRequestOperation.m; path = AFNetworking/AFNetworking/AFPropertyListRequestOperation.m; sourceTree = "<group>"; };
		19C99F1A149E2DAD0A377EDB /* UIImageView+AFNetworking.h */ = {isa = PBXFileReference; fileEncoding = 4; lastKnownFileType = sourcecode.c.h; name = "UIImageView+AFNetworking.h"; path = "AFNetworking/AFNetworking/UIImageView+AFNetworking.h"; sourceTree = "<group>"; };
		19C99F465832BDCE6E5F5277 /* LinkedInPerson.h */ = {isa = PBXFileReference; fileEncoding = 4; lastKnownFileType = sourcecode.c.h; path = LinkedInPerson.h; sourceTree = "<group>"; };
		19C99FE50B57586871BF9576 /* AFNetworkActivityIndicatorManager.h */ = {isa = PBXFileReference; fileEncoding = 4; lastKnownFileType = sourcecode.c.h; name = AFNetworkActivityIndicatorManager.h; path = AFNetworking/AFNetworking/AFNetworkActivityIndicatorManager.h; sourceTree = "<group>"; };
		308A612512DA601475774A46 /* ReactiveCocoa.xcodeproj */ = {isa = PBXFileReference; lastKnownFileType = "wrapper.pb-project"; name = ReactiveCocoa.xcodeproj; path = External/ReativeCocoa/ReactiveCocoaFramework/ReactiveCocoa.xcodeproj; sourceTree = "<group>"; };
		308A62EAE2E8725534566342 /* CardView.m */ = {isa = PBXFileReference; fileEncoding = 4; lastKnownFileType = sourcecode.c.objc; path = CardView.m; sourceTree = "<group>"; };
		308A64D9205A7F1E37F21E25 /* CardService.m */ = {isa = PBXFileReference; fileEncoding = 4; lastKnownFileType = sourcecode.c.objc; path = CardService.m; sourceTree = "<group>"; };
		308A66DE5C1C6C03516311A7 /* Game.h */ = {isa = PBXFileReference; fileEncoding = 4; lastKnownFileType = sourcecode.c.h; path = Game.h; sourceTree = "<group>"; };
		308A68B342F59E71BB7E286A /* BoardVC.m */ = {isa = PBXFileReference; fileEncoding = 4; lastKnownFileType = sourcecode.c.objc; path = BoardVC.m; sourceTree = "<group>"; };
		308A6AA364B2C1CCBC068AF7 /* BoardVC.h */ = {isa = PBXFileReference; fileEncoding = 4; lastKnownFileType = sourcecode.c.h; path = BoardVC.h; sourceTree = "<group>"; };
		308A6ACBA7B14B237C24DA20 /* CardService.h */ = {isa = PBXFileReference; fileEncoding = 4; lastKnownFileType = sourcecode.c.h; path = CardService.h; sourceTree = "<group>"; };
		308A6B64E0B07E3677620398 /* Card.h */ = {isa = PBXFileReference; fileEncoding = 4; lastKnownFileType = sourcecode.c.h; path = Card.h; sourceTree = "<group>"; };
		308A6BBC68D0AD7B623A7938 /* CardView.h */ = {isa = PBXFileReference; fileEncoding = 4; lastKnownFileType = sourcecode.c.h; path = CardView.h; sourceTree = "<group>"; };
		308A6DB23408A8A40106A431 /* Card.m */ = {isa = PBXFileReference; fileEncoding = 4; lastKnownFileType = sourcecode.c.objc; path = Card.m; sourceTree = "<group>"; };
		308A6E3FD5DA94B29834DF50 /* NSArray+Functional.m */ = {isa = PBXFileReference; fileEncoding = 4; lastKnownFileType = sourcecode.c.objc; path = "NSArray+Functional.m"; sourceTree = "<group>"; };
		308A6E73B35803B96390E818 /* Game.m */ = {isa = PBXFileReference; fileEncoding = 4; lastKnownFileType = sourcecode.c.objc; path = Game.m; sourceTree = "<group>"; };
		308A6EC87F3CB9021333D104 /* NSArray+Functional.h */ = {isa = PBXFileReference; fileEncoding = 4; lastKnownFileType = sourcecode.c.h; path = "NSArray+Functional.h"; sourceTree = "<group>"; };
		AE1AB37717201A6A00851433 /* Default-568h@2x.png */ = {isa = PBXFileReference; lastKnownFileType = image.png; path = "Default-568h@2x.png"; sourceTree = "<group>"; };
		AE60B40415B61F4200CA6669 /* AVFoundation.framework */ = {isa = PBXFileReference; lastKnownFileType = wrapper.framework; name = AVFoundation.framework; path = System/Library/Frameworks/AVFoundation.framework; sourceTree = SDKROOT; };
		AE75FA3715B1AE95000F2706 /* Peer.h */ = {isa = PBXFileReference; fileEncoding = 4; lastKnownFileType = sourcecode.c.h; path = Peer.h; sourceTree = "<group>"; };
		AE75FA3815B1AE95000F2706 /* Peer.m */ = {isa = PBXFileReference; fileEncoding = 4; lastKnownFileType = sourcecode.c.objc; path = Peer.m; sourceTree = "<group>"; };
		AE76738F15AF04890045843E /* GameCenterTest.app */ = {isa = PBXFileReference; explicitFileType = wrapper.application; includeInIndex = 0; path = GameCenterTest.app; sourceTree = BUILT_PRODUCTS_DIR; };
		AE76739315AF04890045843E /* UIKit.framework */ = {isa = PBXFileReference; lastKnownFileType = wrapper.framework; name = UIKit.framework; path = System/Library/Frameworks/UIKit.framework; sourceTree = SDKROOT; };
		AE76739515AF04890045843E /* Foundation.framework */ = {isa = PBXFileReference; lastKnownFileType = wrapper.framework; name = Foundation.framework; path = System/Library/Frameworks/Foundation.framework; sourceTree = SDKROOT; };
		AE76739715AF04890045843E /* CoreGraphics.framework */ = {isa = PBXFileReference; lastKnownFileType = wrapper.framework; name = CoreGraphics.framework; path = System/Library/Frameworks/CoreGraphics.framework; sourceTree = SDKROOT; };
		AE76739B15AF04890045843E /* GameCenterTest-Info.plist */ = {isa = PBXFileReference; lastKnownFileType = text.plist.xml; path = "GameCenterTest-Info.plist"; sourceTree = "<group>"; };
		AE76739D15AF04890045843E /* en */ = {isa = PBXFileReference; lastKnownFileType = text.plist.strings; name = en; path = en.lproj/InfoPlist.strings; sourceTree = "<group>"; };
		AE76739F15AF04890045843E /* main.m */ = {isa = PBXFileReference; lastKnownFileType = sourcecode.c.objc; path = main.m; sourceTree = "<group>"; };
		AE7673A115AF04890045843E /* GameCenterTest-Prefix.pch */ = {isa = PBXFileReference; lastKnownFileType = sourcecode.c.h; path = "GameCenterTest-Prefix.pch"; sourceTree = "<group>"; };
		AE7673A215AF04890045843E /* AppDelegate.h */ = {isa = PBXFileReference; lastKnownFileType = sourcecode.c.h; path = AppDelegate.h; sourceTree = "<group>"; };
		AE7673A315AF04890045843E /* AppDelegate.m */ = {isa = PBXFileReference; lastKnownFileType = sourcecode.c.objc; path = AppDelegate.m; sourceTree = "<group>"; };
		AE7673A515AF04890045843E /* ConnectVC.h */ = {isa = PBXFileReference; lastKnownFileType = sourcecode.c.h; path = ConnectVC.h; sourceTree = "<group>"; };
		AE7673A615AF04890045843E /* ConnectVC.m */ = {isa = PBXFileReference; lastKnownFileType = sourcecode.c.objc; path = ConnectVC.m; sourceTree = "<group>"; };
		AE7673A915AF04890045843E /* en */ = {isa = PBXFileReference; lastKnownFileType = file.xib; name = en; path = en.lproj/ViewController.xib; sourceTree = "<group>"; };
		AE7673B015AF048A0045843E /* GameCenterTestTests.octest */ = {isa = PBXFileReference; explicitFileType = wrapper.cfbundle; includeInIndex = 0; path = GameCenterTestTests.octest; sourceTree = BUILT_PRODUCTS_DIR; };
		AE7673B115AF048A0045843E /* SenTestingKit.framework */ = {isa = PBXFileReference; lastKnownFileType = wrapper.framework; name = SenTestingKit.framework; path = Library/Frameworks/SenTestingKit.framework; sourceTree = DEVELOPER_DIR; };
		AE7673B915AF048A0045843E /* GameCenterTestTests-Info.plist */ = {isa = PBXFileReference; lastKnownFileType = text.plist.xml; path = "GameCenterTestTests-Info.plist"; sourceTree = "<group>"; };
		AE7673BB15AF048A0045843E /* en */ = {isa = PBXFileReference; lastKnownFileType = text.plist.strings; name = en; path = en.lproj/InfoPlist.strings; sourceTree = "<group>"; };
		AE7673BD15AF048A0045843E /* GameCenterTestTests.h */ = {isa = PBXFileReference; lastKnownFileType = sourcecode.c.h; path = GameCenterTestTests.h; sourceTree = "<group>"; };
		AE7673BE15AF048A0045843E /* GameCenterTestTests.m */ = {isa = PBXFileReference; lastKnownFileType = sourcecode.c.objc; path = GameCenterTestTests.m; sourceTree = "<group>"; };
		AE7673C815AF04AC0045843E /* GameKit.framework */ = {isa = PBXFileReference; lastKnownFileType = wrapper.framework; name = GameKit.framework; path = System/Library/Frameworks/GameKit.framework; sourceTree = SDKROOT; };
/* End PBXFileReference section */

/* Begin PBXFrameworksBuildPhase section */
		AE76738C15AF04890045843E /* Frameworks */ = {
			isa = PBXFrameworksBuildPhase;
			buildActionMask = 2147483647;
			files = (
				AE1AB3671720181F00851433 /* libReactiveCocoa-iOS.a in Frameworks */,
				AE76739415AF04890045843E /* UIKit.framework in Frameworks */,
				AE76739615AF04890045843E /* Foundation.framework in Frameworks */,
				AE76739815AF04890045843E /* CoreGraphics.framework in Frameworks */,
				AE7673C915AF04AC0045843E /* GameKit.framework in Frameworks */,
				AE60B40515B61F4200CA6669 /* AVFoundation.framework in Frameworks */,
			);
			runOnlyForDeploymentPostprocessing = 0;
		};
		AE7673AC15AF048A0045843E /* Frameworks */ = {
			isa = PBXFrameworksBuildPhase;
			buildActionMask = 2147483647;
			files = (
				AE7673B215AF048A0045843E /* SenTestingKit.framework in Frameworks */,
				AE7673B315AF048A0045843E /* UIKit.framework in Frameworks */,
				AE7673B415AF048A0045843E /* Foundation.framework in Frameworks */,
			);
			runOnlyForDeploymentPostprocessing = 0;
		};
/* End PBXFrameworksBuildPhase section */

/* Begin PBXGroup section */
		19C997F5BE619436DD69F76B /* linkedin */ = {
			isa = PBXGroup;
			children = (
				19C99EECBF9ED3C17E056A51 /* .gitignore */,
				19C9900E85DEE153A9A66616 /* LinkedInAuthenticationViewController.h */,
				19C990C55DB45DF4F0E16FDB /* LinkedInAuthenticationViewController.m */,
				19C99152E46BBAECF23CC437 /* LinkedInService.h */,
				19C995E4D394C469C6CA3EB1 /* LinkedInService.m */,
				19C99356AC308479195CF4B1 /* LinkedInCredentails.h */,
				19C99F465832BDCE6E5F5277 /* LinkedInPerson.h */,
				19C991BCB5B58D55A65B1B5C /* LinkedInPerson.m */,
			);
			path = linkedin;
			sourceTree = "<group>";
		};
		19C9981F75558FCCABA9623C /* AFNetworking */ = {
			isa = PBXGroup;
			children = (
				19C999D9F7CC52E8E9B8359B /* AFHTTPClient.h */,
				19C9953A2BB2C23A50350D7F /* AFHTTPClient.m */,
				19C99972A3445A1D2A5D8C52 /* AFHTTPRequestOperation.h */,
				19C995626047BCAA267C1BDC /* AFHTTPRequestOperation.m */,
				19C9925050604A4357527460 /* AFImageRequestOperation.h */,
				19C99EA1EB126F4FEB2A9048 /* AFImageRequestOperation.m */,
				19C9930D21274148EC99E8AB /* AFJSONRequestOperation.h */,
				19C99527BD5DDA9058DD150B /* AFJSONRequestOperation.m */,
				19C99FE50B57586871BF9576 /* AFNetworkActivityIndicatorManager.h */,
				19C9974A32C1EDF029F15611 /* AFNetworkActivityIndicatorManager.m */,
				19C9953F668CED3DEF7197CB /* AFNetworking.h */,
				19C99E850E0B925283F421A3 /* AFPropertyListRequestOperation.h */,
				19C99F0CAE78B3D4366C9D3E /* AFPropertyListRequestOperation.m */,
				19C99A4F685C7B5E90E6A439 /* AFURLConnectionOperation.h */,
				19C99A9D12B9BB229D5579B6 /* AFURLConnectionOperation.m */,
				19C994AF5C57A65581B545DB /* AFXMLRequestOperation.h */,
				19C9943C0E8D9442DE5D01B4 /* AFXMLRequestOperation.m */,
				19C99F1A149E2DAD0A377EDB /* UIImageView+AFNetworking.h */,
				19C99EA5CE40D0C56F3EA056 /* UIImageView+AFNetworking.m */,
			);
			name = AFNetworking;
			sourceTree = "<group>";
		};
		308A630E958AF5FC3B68FC60 /* Products */ = {
			isa = PBXGroup;
			children = (
				308A61D9ABAAF19EE75B6739 /* ReactiveCocoa.framework */,
				308A65586E09FB7BAB116719 /* libReactiveCocoa-iOS.a */,
				308A6C340F9C0F00CADE91ED /* ReactiveCocoaTests.octest */,
			);
			name = Products;
			sourceTree = "<group>";
		};
		308A6EB7859CC5390C8B5F17 /* External */ = {
			isa = PBXGroup;
			children = (
				19C9981F75558FCCABA9623C /* AFNetworking */,
			);
			path = External;
			sourceTree = "<group>";
		};
		AE76738415AF04890045843E = {
			isa = PBXGroup;
			children = (
				AE1AB37717201A6A00851433 /* Default-568h@2x.png */,
				AE75FA3715B1AE95000F2706 /* Peer.h */,
				AE75FA3815B1AE95000F2706 /* Peer.m */,
				AE76739915AF04890045843E /* GameCenterTest */,
				AE7673B715AF048A0045843E /* GameCenterTestTests */,
				AE76739215AF04890045843E /* Frameworks */,
				AE76739015AF04890045843E /* Products */,
				308A6EB7859CC5390C8B5F17 /* External */,
				308A612512DA601475774A46 /* ReactiveCocoa.xcodeproj */,
			);
			sourceTree = "<group>";
		};
		AE76739015AF04890045843E /* Products */ = {
			isa = PBXGroup;
			children = (
				AE76738F15AF04890045843E /* GameCenterTest.app */,
				AE7673B015AF048A0045843E /* GameCenterTestTests.octest */,
			);
			name = Products;
			sourceTree = "<group>";
		};
		AE76739215AF04890045843E /* Frameworks */ = {
			isa = PBXGroup;
			children = (
				AE60B40415B61F4200CA6669 /* AVFoundation.framework */,
				AE7673C815AF04AC0045843E /* GameKit.framework */,
				AE76739315AF04890045843E /* UIKit.framework */,
				AE76739515AF04890045843E /* Foundation.framework */,
				AE76739715AF04890045843E /* CoreGraphics.framework */,
				AE7673B115AF048A0045843E /* SenTestingKit.framework */,
			);
			name = Frameworks;
			sourceTree = "<group>";
		};
		AE76739915AF04890045843E /* GameCenterTest */ = {
			isa = PBXGroup;
			children = (
				AE7673A215AF04890045843E /* AppDelegate.h */,
				AE7673A315AF04890045843E /* AppDelegate.m */,
				AE7673A515AF04890045843E /* ConnectVC.h */,
				AE7673A615AF04890045843E /* ConnectVC.m */,
				AE7673A815AF04890045843E /* ViewController.xib */,
				AE76739A15AF04890045843E /* Supporting Files */,
				308A64D9205A7F1E37F21E25 /* CardService.m */,
				308A6ACBA7B14B237C24DA20 /* CardService.h */,
				308A6DB23408A8A40106A431 /* Card.m */,
				308A6B64E0B07E3677620398 /* Card.h */,
				308A6EC87F3CB9021333D104 /* NSArray+Functional.h */,
				308A6E3FD5DA94B29834DF50 /* NSArray+Functional.m */,
				308A6E73B35803B96390E818 /* Game.m */,
				308A66DE5C1C6C03516311A7 /* Game.h */,
				308A68B342F59E71BB7E286A /* BoardVC.m */,
				308A6AA364B2C1CCBC068AF7 /* BoardVC.h */,
				308A62EAE2E8725534566342 /* CardView.m */,
				308A6BBC68D0AD7B623A7938 /* CardView.h */,
				19C997F5BE619436DD69F76B /* linkedin */,
			);
			path = GameCenterTest;
			sourceTree = "<group>";
		};
		AE76739A15AF04890045843E /* Supporting Files */ = {
			isa = PBXGroup;
			children = (
				AE76739B15AF04890045843E /* GameCenterTest-Info.plist */,
				AE76739C15AF04890045843E /* InfoPlist.strings */,
				AE76739F15AF04890045843E /* main.m */,
				AE7673A115AF04890045843E /* GameCenterTest-Prefix.pch */,
			);
			name = "Supporting Files";
			sourceTree = "<group>";
		};
		AE7673B715AF048A0045843E /* GameCenterTestTests */ = {
			isa = PBXGroup;
			children = (
				AE7673BD15AF048A0045843E /* GameCenterTestTests.h */,
				AE7673BE15AF048A0045843E /* GameCenterTestTests.m */,
				AE7673B815AF048A0045843E /* Supporting Files */,
			);
			path = GameCenterTestTests;
			sourceTree = "<group>";
		};
		AE7673B815AF048A0045843E /* Supporting Files */ = {
			isa = PBXGroup;
			children = (
				AE7673B915AF048A0045843E /* GameCenterTestTests-Info.plist */,
				AE7673BA15AF048A0045843E /* InfoPlist.strings */,
			);
			name = "Supporting Files";
			sourceTree = "<group>";
		};
/* End PBXGroup section */

/* Begin PBXNativeTarget section */
		AE76738E15AF04890045843E /* GameCenterTest */ = {
			isa = PBXNativeTarget;
			buildConfigurationList = AE7673C215AF048A0045843E /* Build configuration list for PBXNativeTarget "GameCenterTest" */;
			buildPhases = (
				AE76738B15AF04890045843E /* Sources */,
				AE76738C15AF04890045843E /* Frameworks */,
				AE76738D15AF04890045843E /* Resources */,
			);
			buildRules = (
			);
			dependencies = (
				AE1AB369172018CE00851433 /* PBXTargetDependency */,
			);
			name = GameCenterTest;
			productName = GameCenterTest;
			productReference = AE76738F15AF04890045843E /* GameCenterTest.app */;
			productType = "com.apple.product-type.application";
		};
		AE7673AF15AF048A0045843E /* GameCenterTestTests */ = {
			isa = PBXNativeTarget;
			buildConfigurationList = AE7673C515AF048A0045843E /* Build configuration list for PBXNativeTarget "GameCenterTestTests" */;
			buildPhases = (
				AE7673AB15AF048A0045843E /* Sources */,
				AE7673AC15AF048A0045843E /* Frameworks */,
				AE7673AD15AF048A0045843E /* Resources */,
				AE7673AE15AF048A0045843E /* ShellScript */,
			);
			buildRules = (
			);
			dependencies = (
				AE7673B615AF048A0045843E /* PBXTargetDependency */,
			);
			name = GameCenterTestTests;
			productName = GameCenterTestTests;
			productReference = AE7673B015AF048A0045843E /* GameCenterTestTests.octest */;
			productType = "com.apple.product-type.bundle";
		};
/* End PBXNativeTarget section */

/* Begin PBXProject section */
		AE76738615AF04890045843E /* Project object */ = {
			isa = PBXProject;
			attributes = {
				LastUpgradeCheck = 0460;
				ORGANIZATIONNAME = Betafunk;
			};
			buildConfigurationList = AE76738915AF04890045843E /* Build configuration list for PBXProject "GameCenterTest" */;
			compatibilityVersion = "Xcode 3.2";
			developmentRegion = English;
			hasScannedForEncodings = 0;
			knownRegions = (
				en,
			);
			mainGroup = AE76738415AF04890045843E;
			productRefGroup = AE76739015AF04890045843E /* Products */;
			projectDirPath = "";
			projectReferences = (
				{
					ProductGroup = 308A630E958AF5FC3B68FC60 /* Products */;
					ProjectRef = 308A612512DA601475774A46 /* ReactiveCocoa.xcodeproj */;
				},
			);
			projectRoot = "";
			targets = (
				AE76738E15AF04890045843E /* GameCenterTest */,
				AE7673AF15AF048A0045843E /* GameCenterTestTests */,
			);
		};
/* End PBXProject section */

/* Begin PBXReferenceProxy section */
		308A61D9ABAAF19EE75B6739 /* ReactiveCocoa.framework */ = {
			isa = PBXReferenceProxy;
			fileType = wrapper.framework;
			path = ReactiveCocoa.framework;
			remoteRef = 308A6202F7873A7F7C06AF67 /* PBXContainerItemProxy */;
			sourceTree = BUILT_PRODUCTS_DIR;
		};
		308A65586E09FB7BAB116719 /* libReactiveCocoa-iOS.a */ = {
			isa = PBXReferenceProxy;
			fileType = archive.ar;
			path = "libReactiveCocoa-iOS.a";
			remoteRef = 308A61F52E8539A794BF4D0F /* PBXContainerItemProxy */;
			sourceTree = BUILT_PRODUCTS_DIR;
		};
		308A6C340F9C0F00CADE91ED /* ReactiveCocoaTests.octest */ = {
			isa = PBXReferenceProxy;
			fileType = wrapper.cfbundle;
			path = ReactiveCocoaTests.octest;
			remoteRef = 308A6456A937D5BDCC80C9B7 /* PBXContainerItemProxy */;
			sourceTree = BUILT_PRODUCTS_DIR;
		};
/* End PBXReferenceProxy section */

/* Begin PBXResourcesBuildPhase section */
		AE76738D15AF04890045843E /* Resources */ = {
			isa = PBXResourcesBuildPhase;
			buildActionMask = 2147483647;
			files = (
				AE76739E15AF04890045843E /* InfoPlist.strings in Resources */,
				AE7673AA15AF04890045843E /* ViewController.xib in Resources */,
				AE1AB37817201A6A00851433 /* Default-568h@2x.png in Resources */,
				19C997DA40ED9C3189210F14 /* .gitignore in Resources */,
			);
			runOnlyForDeploymentPostprocessing = 0;
		};
		AE7673AD15AF048A0045843E /* Resources */ = {
			isa = PBXResourcesBuildPhase;
			buildActionMask = 2147483647;
			files = (
				AE7673BC15AF048A0045843E /* InfoPlist.strings in Resources */,
			);
			runOnlyForDeploymentPostprocessing = 0;
		};
/* End PBXResourcesBuildPhase section */

/* Begin PBXShellScriptBuildPhase section */
		AE7673AE15AF048A0045843E /* ShellScript */ = {
			isa = PBXShellScriptBuildPhase;
			buildActionMask = 2147483647;
			files = (
			);
			inputPaths = (
			);
			outputPaths = (
			);
			runOnlyForDeploymentPostprocessing = 0;
			shellPath = /bin/sh;
			shellScript = "# Run the unit tests in this test bundle.\n\"${SYSTEM_DEVELOPER_DIR}/Tools/RunUnitTests\"\n";
		};
/* End PBXShellScriptBuildPhase section */

/* Begin PBXSourcesBuildPhase section */
		AE76738B15AF04890045843E /* Sources */ = {
			isa = PBXSourcesBuildPhase;
			buildActionMask = 2147483647;
			files = (
				AE7673A015AF04890045843E /* main.m in Sources */,
				AE7673A415AF04890045843E /* AppDelegate.m in Sources */,
				AE7673A715AF04890045843E /* ConnectVC.m in Sources */,
				AE75FA3915B1AE95000F2706 /* Peer.m in Sources */,
				308A6D2C98289E9A9BCC39D0 /* CardService.m in Sources */,
				308A642CD56E0F558CB6F1F2 /* Card.m in Sources */,
				308A6BB7BF809AD64819A7FD /* NSArray+Functional.m in Sources */,
				308A6D6397C86E0243B4B510 /* Game.m in Sources */,
				308A6BCC7D85C842D79BA09D /* BoardVC.m in Sources */,
				308A6226DD4AEA4B0CA5BF2A /* CardView.m in Sources */,
				19C999F8422D71978B542FE6 /* LinkedInAuthenticationViewController.m in Sources */,
				19C990D0C59A33C836162AE1 /* LinkedInService.m in Sources */,
				19C990AE444C291E41F98A32 /* LinkedInPerson.m in Sources */,
				19C992B202DA15AC594A986C /* AFHTTPClient.m in Sources */,
				19C99C12327FDFD0D495F0A7 /* AFHTTPRequestOperation.m in Sources */,
				19C9922E026C979F700E59B6 /* AFImageRequestOperation.m in Sources */,
				19C994E09612FFC0A00D14A6 /* AFJSONRequestOperation.m in Sources */,
				19C9933E52B9C935FF9BC759 /* AFNetworkActivityIndicatorManager.m in Sources */,
				19C991055782908F029BADB1 /* AFPropertyListRequestOperation.m in Sources */,
				19C995656DC8B66447320107 /* AFURLConnectionOperation.m in Sources */,
				19C99617A3964D0DBBC1C293 /* AFXMLRequestOperation.m in Sources */,
				19C9914FE219BDE748E28EF6 /* UIImageView+AFNetworking.m in Sources */,
			);
			runOnlyForDeploymentPostprocessing = 0;
		};
		AE7673AB15AF048A0045843E /* Sources */ = {
			isa = PBXSourcesBuildPhase;
			buildActionMask = 2147483647;
			files = (
				AE7673BF15AF048A0045843E /* GameCenterTestTests.m in Sources */,
				308A64F415BAB3B1D2996DC2 /* Game.m in Sources */,
				308A65123DCF4EBF9ADDBA7D /* BoardVC.m in Sources */,
			);
			runOnlyForDeploymentPostprocessing = 0;
		};
/* End PBXSourcesBuildPhase section */

/* Begin PBXTargetDependency section */
		AE1AB369172018CE00851433 /* PBXTargetDependency */ = {
			isa = PBXTargetDependency;
			name = "ReactiveCocoa-iOS";
			targetProxy = AE1AB368172018CE00851433 /* PBXContainerItemProxy */;
		};
		AE7673B615AF048A0045843E /* PBXTargetDependency */ = {
			isa = PBXTargetDependency;
			target = AE76738E15AF04890045843E /* GameCenterTest */;
			targetProxy = AE7673B515AF048A0045843E /* PBXContainerItemProxy */;
		};
/* End PBXTargetDependency section */

/* Begin PBXVariantGroup section */
		AE76739C15AF04890045843E /* InfoPlist.strings */ = {
			isa = PBXVariantGroup;
			children = (
				AE76739D15AF04890045843E /* en */,
			);
			name = InfoPlist.strings;
			sourceTree = "<group>";
		};
		AE7673A815AF04890045843E /* ViewController.xib */ = {
			isa = PBXVariantGroup;
			children = (
				AE7673A915AF04890045843E /* en */,
			);
			name = ViewController.xib;
			sourceTree = "<group>";
		};
		AE7673BA15AF048A0045843E /* InfoPlist.strings */ = {
			isa = PBXVariantGroup;
			children = (
				AE7673BB15AF048A0045843E /* en */,
			);
			name = InfoPlist.strings;
			sourceTree = "<group>";
		};
/* End PBXVariantGroup section */

/* Begin XCBuildConfiguration section */
		AE7673C015AF048A0045843E /* Debug */ = {
			isa = XCBuildConfiguration;
			buildSettings = {
				ALWAYS_SEARCH_USER_PATHS = NO;
				ARCHS = "$(ARCHS_STANDARD_32_BIT)";
				CLANG_ENABLE_OBJC_ARC = YES;
				CLANG_WARN_CONSTANT_CONVERSION = YES;
				CLANG_WARN_ENUM_CONVERSION = YES;
				CLANG_WARN_INT_CONVERSION = YES;
				CLANG_WARN__DUPLICATE_METHOD_MATCH = YES;
				CODE_SIGN_IDENTITY = "iPhone Developer: Mikkel Gravgaard Nielsen (V8KBXLQLZT)";
				"CODE_SIGN_IDENTITY[sdk=iphoneos*]" = "iPhone Developer";
				COPY_PHASE_STRIP = NO;
				GCC_C_LANGUAGE_STANDARD = gnu99;
				GCC_DYNAMIC_NO_PIC = NO;
				GCC_OPTIMIZATION_LEVEL = 0;
				GCC_PREPROCESSOR_DEFINITIONS = (
					"DEBUG=1",
					"$(inherited)",
				);
				GCC_SYMBOLS_PRIVATE_EXTERN = NO;
				GCC_VERSION = com.apple.compilers.llvm.clang.1_0;
				GCC_WARN_ABOUT_RETURN_TYPE = YES;
				GCC_WARN_UNINITIALIZED_AUTOS = YES;
				GCC_WARN_UNUSED_VARIABLE = YES;
				IPHONEOS_DEPLOYMENT_TARGET = 5.1;
				OTHER_LDFLAGS = "-ObjC";
				PROVISIONING_PROFILE = "9B9C1A5E-4B4A-4643-B0DA-E02D39C8F60A";
				SDKROOT = iphoneos;
			};
			name = Debug;
		};
		AE7673C115AF048A0045843E /* Release */ = {
			isa = XCBuildConfiguration;
			buildSettings = {
				ALWAYS_SEARCH_USER_PATHS = NO;
				ARCHS = "$(ARCHS_STANDARD_32_BIT)";
				CLANG_ENABLE_OBJC_ARC = YES;
				CLANG_WARN_CONSTANT_CONVERSION = YES;
				CLANG_WARN_ENUM_CONVERSION = YES;
				CLANG_WARN_INT_CONVERSION = YES;
				CLANG_WARN__DUPLICATE_METHOD_MATCH = YES;
				CODE_SIGN_IDENTITY = "iPhone Developer: Mikkel Gravgaard Nielsen (V8KBXLQLZT)";
				"CODE_SIGN_IDENTITY[sdk=iphoneos*]" = "iPhone Developer";
				COPY_PHASE_STRIP = YES;
				GCC_C_LANGUAGE_STANDARD = gnu99;
				GCC_VERSION = com.apple.compilers.llvm.clang.1_0;
				GCC_WARN_ABOUT_RETURN_TYPE = YES;
				GCC_WARN_UNINITIALIZED_AUTOS = YES;
				GCC_WARN_UNUSED_VARIABLE = YES;
				IPHONEOS_DEPLOYMENT_TARGET = 5.1;
				OTHER_CFLAGS = "-DNS_BLOCK_ASSERTIONS=1";
				OTHER_LDFLAGS = "-ObjC";
				PROVISIONING_PROFILE = "9B9C1A5E-4B4A-4643-B0DA-E02D39C8F60A";
				SDKROOT = iphoneos;
				VALIDATE_PRODUCT = YES;
			};
			name = Release;
		};
		AE7673C315AF048A0045843E /* Debug */ = {
			isa = XCBuildConfiguration;
			buildSettings = {
				GCC_PRECOMPILE_PREFIX_HEADER = YES;
				GCC_PREFIX_HEADER = "GameCenterTest/GameCenterTest-Prefix.pch";
				HEADER_SEARCH_PATHS = External/AFNetworking/AFNetworking;
				INFOPLIST_FILE = "GameCenterTest/GameCenterTest-Info.plist";
				PRODUCT_NAME = "$(TARGET_NAME)";
				WRAPPER_EXTENSION = app;
			};
			name = Debug;
		};
		AE7673C415AF048A0045843E /* Release */ = {
			isa = XCBuildConfiguration;
			buildSettings = {
				GCC_PRECOMPILE_PREFIX_HEADER = YES;
				GCC_PREFIX_HEADER = "GameCenterTest/GameCenterTest-Prefix.pch";
				HEADER_SEARCH_PATHS = External/AFNetworking/AFNetworking;
				INFOPLIST_FILE = "GameCenterTest/GameCenterTest-Info.plist";
				PRODUCT_NAME = "$(TARGET_NAME)";
				WRAPPER_EXTENSION = app;
			};
			name = Release;
		};
		AE7673C615AF048A0045843E /* Debug */ = {
			isa = XCBuildConfiguration;
			buildSettings = {
				BUNDLE_LOADER = "$(BUILT_PRODUCTS_DIR)/GameCenterTest.app/GameCenterTest";
				FRAMEWORK_SEARCH_PATHS = (
					"$(SDKROOT)/Developer/Library/Frameworks",
					"$(DEVELOPER_LIBRARY_DIR)/Frameworks",
				);
				GCC_PRECOMPILE_PREFIX_HEADER = YES;
				GCC_PREFIX_HEADER = "GameCenterTest/GameCenterTest-Prefix.pch";
				INFOPLIST_FILE = "GameCenterTestTests/GameCenterTestTests-Info.plist";
				PRODUCT_NAME = "$(TARGET_NAME)";
				TEST_HOST = "$(BUNDLE_LOADER)";
				USER_HEADER_SEARCH_PATHS = "\"${PROJECT_DIR}/External/ReativeCocoa/ReactiveCocoaFramework\"/**";
				WRAPPER_EXTENSION = octest;
			};
			name = Debug;
		};
		AE7673C715AF048A0045843E /* Release */ = {
			isa = XCBuildConfiguration;
			buildSettings = {
				BUNDLE_LOADER = "$(BUILT_PRODUCTS_DIR)/GameCenterTest.app/GameCenterTest";
				FRAMEWORK_SEARCH_PATHS = (
					"$(SDKROOT)/Developer/Library/Frameworks",
					"$(DEVELOPER_LIBRARY_DIR)/Frameworks",
				);
				GCC_PRECOMPILE_PREFIX_HEADER = YES;
				GCC_PREFIX_HEADER = "GameCenterTest/GameCenterTest-Prefix.pch";
				INFOPLIST_FILE = "GameCenterTestTests/GameCenterTestTests-Info.plist";
				PRODUCT_NAME = "$(TARGET_NAME)";
				TEST_HOST = "$(BUNDLE_LOADER)";
				USER_HEADER_SEARCH_PATHS = "\"${PROJECT_DIR}/External/ReativeCocoa/ReactiveCocoaFramework\"/**";
				WRAPPER_EXTENSION = octest;
			};
			name = Release;
		};
/* End XCBuildConfiguration section */

/* Begin XCConfigurationList section */
		AE76738915AF04890045843E /* Build configuration list for PBXProject "GameCenterTest" */ = {
			isa = XCConfigurationList;
			buildConfigurations = (
				AE7673C015AF048A0045843E /* Debug */,
				AE7673C115AF048A0045843E /* Release */,
			);
			defaultConfigurationIsVisible = 0;
			defaultConfigurationName = Release;
		};
		AE7673C215AF048A0045843E /* Build configuration list for PBXNativeTarget "GameCenterTest" */ = {
			isa = XCConfigurationList;
			buildConfigurations = (
				AE7673C315AF048A0045843E /* Debug */,
				AE7673C415AF048A0045843E /* Release */,
			);
			defaultConfigurationIsVisible = 0;
			defaultConfigurationName = Release;
		};
		AE7673C515AF048A0045843E /* Build configuration list for PBXNativeTarget "GameCenterTestTests" */ = {
			isa = XCConfigurationList;
			buildConfigurations = (
				AE7673C615AF048A0045843E /* Debug */,
				AE7673C715AF048A0045843E /* Release */,
			);
			defaultConfigurationIsVisible = 0;
			defaultConfigurationName = Release;
		};
/* End XCConfigurationList section */
	};
	rootObject = AE76738615AF04890045843E /* Project object */;
}
